PODS:
  - Dynatrace (7.2.4.1229):
    - Dynatrace/framework (= 7.2.4.1229)
  - Dynatrace/framework (7.2.4.1229)
  - IQKeyboardManagerSwift (6.2.1)
  - SwiftyJSON (4.3.0)

DEPENDENCIES:
  - Dynatrace
  - IQKeyboardManagerSwift
  - SwiftyJSON

SPEC REPOS:
  https://github.com/cocoapods/specs.git:
    - Dynatrace
    - IQKeyboardManagerSwift
    - SwiftyJSON

SPEC CHECKSUMS:
  Dynatrace: d1dbc7eae3b89adead8c781c0fe3d88060c3500a
  IQKeyboardManagerSwift: 0f0ae8935360b4003e6ea1ac7c19898f01e2f7c7
  SwiftyJSON: 6faa0040f8b59dead0ee07436cbf76b73c08fd08

PODFILE CHECKSUM: 315ef13128bee7be8efce0fcf206abaee8b517fd

COCOAPODS: 1.6.1
